
Microsoft Visual Studio Solution File, Format Version 12.00
# Visual Studio Version 16
VisualStudioVersion = 16.0.30204.135
MinimumVisualStudioVersion = 10.0.40219.1
Project("{9A19103F-16F7-4668-BE54-9A1E7A4F7556}") = "SourceCode.Web", "SourceCode.Web\SourceCode.Web.csproj", "{EF233A59-F662-4B5A-B8B8-75DA4CA01425}"
EndProject
Project("{FAE04EC0-301F-11D3-BF4B-00C04F79EFBC}") = "SourceCode.Tests", "SourceCode.Tests\SourceCode.Tests.csproj", "{3B811A76-55FB-4087-B9BA-07FDA7F25441}"
EndProject
Global
	GlobalSection(SolutionConfigurationPlatforms) = preSolution
		Debug|Any CPU = Debug|Any CPU
		Release|Any CPU = Release|Any CPU
	EndGlobalSection
	GlobalSection(ProjectConfigurationPlatforms) = postSolution
		{EF233A59-F662-4B5A-B8B8-75DA4CA01425}.Debug|Any CPU.ActiveCfg = Debug|Any CPU
		{EF233A59-F662-4B5A-B8B8-75DA4CA01425}.Debug|Any CPU.Build.0 = Debug|Any CPU
		{EF233A59-F662-4B5A-B8B8-75DA4CA01425}.Release|Any CPU.ActiveCfg = Release|Any CPU
		{EF233A59-F662-4B5A-B8B8-75DA4CA01425}.Release|Any CPU.Build.0 = Release|Any CPU
		{3B811A76-55FB-4087-B9BA-07FDA7F25441}.Debug|Any CPU.ActiveCfg = Debug|Any CPU
		{3B811A76-55FB-4087-B9BA-07FDA7F25441}.Debug|Any CPU.Build.0 = Debug|Any CPU
		{3B811A76-55FB-4087-B9BA-07FDA7F25441}.Release|Any CPU.ActiveCfg = Release|Any CPU
		{3B811A76-55FB-4087-B9BA-07FDA7F25441}.Release|Any CPU.Build.0 = Release|Any CPU
	EndGlobalSection
	GlobalSection(SolutionProperties) = preSolution
		HideSolutionNode = FALSE
	EndGlobalSection
	GlobalSection(ExtensibilityGlobals) = postSolution
		SolutionGuid = {62F11C00-E96D-47E8-8938-98D300A8BA73}
	EndGlobalSection
EndGlobal
